{
	"name": "typescript-fold",
	"version": "0.1.1",
	"lockfileVersion": 2,
	"requires": true,
	"packages": {
		"": {
			"name": "typescript-fold",
			"version": "0.1.1",
			"license": "MIT",
			"dependencies": {
				"typescript": "^5.3.3"
			},
			"devDependencies": {
				"@types/node": "^18.11.18",
				"@types/vscode": "1.75.x"
			},
			"engines": {
				"vscode": "^1.75.0"
			}
		},
		"node_modules/@types/node": {
			"version": "18.19.8",
			"resolved": "https://registry.npmjs.org/@types/node/-/node-18.19.8.tgz",
			"integrity": "sha512-g1pZtPhsvGVTwmeVoexWZLTQaOvXwoSq//pTL0DHeNzUDrFnir4fgETdhjhIxjVnN+hKOuh98+E1eMLnUXstFg==",
			"dev": true,
			"dependencies": {
				"undici-types": "~5.26.4"
			}
		},
		"node_modules/@types/vscode": {
			"version": "1.75.1",
			"resolved": "https://registry.npmjs.org/@types/vscode/-/vscode-1.75.1.tgz",
			"integrity": "sha512-emg7wdsTFzdi+elvoyoA+Q8keEautdQHyY5LNmHVM4PTpY8JgOTVADrGVyXGepJ6dVW2OS5/xnLUWh+nZxvdiA==",
			"dev": true
		},
		"node_modules/typescript": {
			"version": "5.3.3",
			"resolved": "https://registry.npmjs.org/typescript/-/typescript-5.3.3.tgz",
			"integrity": "sha512-pXWcraxM0uxAS+tN0AG/BF2TyqmHO014Z070UsJ+pFvYuRSq8KH8DmWpnbXe0pEPDHXZV3FcAbJkijJ5oNEnWw==",
			"bin": {
				"tsc": "bin/tsc",
				"tsserver": "bin/tsserver"
			},
			"engines": {
				"node": ">=14.17"
			}
		},
		"node_modules/undici-types": {
			"version": "5.26.5",
			"resolved": "https://registry.npmjs.org/undici-types/-/undici-types-5.26.5.tgz",
			"integrity": "sha512-JlCMO+ehdEIKqlFxk6IfVoAUVmgz7cU7zD/h9XZ0qzeosSHmUJVOzSQvvYSYWXkFXC+IfLKSIffhv0sVZup6pA==",
			"dev": true
		}
	},
	"dependencies": {
		"@types/node": {
			"version": "18.19.8",
			"resolved": "https://registry.npmjs.org/@types/node/-/node-18.19.8.tgz",
			"integrity": "sha512-g1pZtPhsvGVTwmeVoexWZLTQaOvXwoSq//pTL0DHeNzUDrFnir4fgETdhjhIxjVnN+hKOuh98+E1eMLnUXstFg==",
			"dev": true,
			"requires": {
				"undici-types": "~5.26.4"
			}
		},
		"@types/vscode": {
			"version": "1.75.1",
			"resolved": "https://registry.npmjs.org/@types/vscode/-/vscode-1.75.1.tgz",
			"integrity": "sha512-emg7wdsTFzdi+elvoyoA+Q8keEautdQHyY5LNmHVM4PTpY8JgOTVADrGVyXGepJ6dVW2OS5/xnLUWh+nZxvdiA==",
			"dev": true
		},
		"typescript": {
			"version": "5.3.3",
			"resolved": "https://registry.npmjs.org/typescript/-/typescript-5.3.3.tgz",
			"integrity": "sha512-pXWcraxM0uxAS+tN0AG/BF2TyqmHO014Z070UsJ+pFvYuRSq8KH8DmWpnbXe0pEPDHXZV3FcAbJkijJ5oNEnWw=="
		},
		"undici-types": {
			"version": "5.26.5",
			"resolved": "https://registry.npmjs.org/undici-types/-/undici-types-5.26.5.tgz",
			"integrity": "sha512-JlCMO+ehdEIKqlFxk6IfVoAUVmgz7cU7zD/h9XZ0qzeosSHmUJVOzSQvvYSYWXkFXC+IfLKSIffhv0sVZup6pA==",
			"dev": true
		}
	}
}
